
Microsoft Visual Studio Solution File, Format Version 12.00
# Visual Studio Version 16
VisualStudioVersion = 16.0.32510.428
MinimumVisualStudioVersion = 10.0.40219.1
Project("{FAE04EC0-301F-11D3-BF4B-00C04F79EFBC}") = "PracticeAnalyzer", "PracticeAnalyzer\PracticeAnalyzer\PracticeAnalyzer.csproj", "{92B87BAC-44E4-4187-9742-BFE81AAE9FBD}"
EndProject
Project("{FAE04EC0-301F-11D3-BF4B-00C04F79EFBC}") = "PracticeAnalyzer.CodeFixes", "PracticeAnalyzer\PracticeAnalyzer.CodeFixes\PracticeAnalyzer.CodeFixes.csproj", "{79DCCA7A-7426-420E-9986-53E1440EEDAD}"
EndProject
Project("{FAE04EC0-301F-11D3-BF4B-00C04F79EFBC}") = "PracticeAnalyzer.Package", "PracticeAnalyzer\PracticeAnalyzer.Package\PracticeAnalyzer.Package.csproj", "{108AE451-97B1-4BC4-8739-6151C59FC970}"
EndProject
Project("{FAE04EC0-301F-11D3-BF4B-00C04F79EFBC}") = "PracticeAnalyzer.Test", "PracticeAnalyzer\PracticeAnalyzer.Test\PracticeAnalyzer.Test.csproj", "{DD61866B-8194-4D21-98AC-6B3423962C26}"
EndProject
Project("{FAE04EC0-301F-11D3-BF4B-00C04F79EFBC}") = "PracticeAnalyzer.Vsix", "PracticeAnalyzer\PracticeAnalyzer.Vsix\PracticeAnalyzer.Vsix.csproj", "{922579AB-6F37-4566-BBDD-46D784E18595}"
EndProject
Global
	GlobalSection(SolutionConfigurationPlatforms) = preSolution
		Debug|Any CPU = Debug|Any CPU
		Release|Any CPU = Release|Any CPU
	EndGlobalSection
	GlobalSection(ProjectConfigurationPlatforms) = postSolution
		{92B87BAC-44E4-4187-9742-BFE81AAE9FBD}.Debug|Any CPU.ActiveCfg = Debug|Any CPU
		{92B87BAC-44E4-4187-9742-BFE81AAE9FBD}.Debug|Any CPU.Build.0 = Debug|Any CPU
		{92B87BAC-44E4-4187-9742-BFE81AAE9FBD}.Release|Any CPU.ActiveCfg = Release|Any CPU
		{92B87BAC-44E4-4187-9742-BFE81AAE9FBD}.Release|Any CPU.Build.0 = Release|Any CPU
		{79DCCA7A-7426-420E-9986-53E1440EEDAD}.Debug|Any CPU.ActiveCfg = Debug|Any CPU
		{79DCCA7A-7426-420E-9986-53E1440EEDAD}.Debug|Any CPU.Build.0 = Debug|Any CPU
		{79DCCA7A-7426-420E-9986-53E1440EEDAD}.Release|Any CPU.ActiveCfg = Release|Any CPU
		{79DCCA7A-7426-420E-9986-53E1440EEDAD}.Release|Any CPU.Build.0 = Release|Any CPU
		{108AE451-97B1-4BC4-8739-6151C59FC970}.Debug|Any CPU.ActiveCfg = Debug|Any CPU
		{108AE451-97B1-4BC4-8739-6151C59FC970}.Debug|Any CPU.Build.0 = Debug|Any CPU
		{108AE451-97B1-4BC4-8739-6151C59FC970}.Release|Any CPU.ActiveCfg = Release|Any CPU
		{108AE451-97B1-4BC4-8739-6151C59FC970}.Release|Any CPU.Build.0 = Release|Any CPU
		{DD61866B-8194-4D21-98AC-6B3423962C26}.Debug|Any CPU.ActiveCfg = Debug|Any CPU
		{DD61866B-8194-4D21-98AC-6B3423962C26}.Debug|Any CPU.Build.0 = Debug|Any CPU
		{DD61866B-8194-4D21-98AC-6B3423962C26}.Release|Any CPU.ActiveCfg = Release|Any CPU
		{DD61866B-8194-4D21-98AC-6B3423962C26}.Release|Any CPU.Build.0 = Release|Any CPU
		{922579AB-6F37-4566-BBDD-46D784E18595}.Debug|Any CPU.ActiveCfg = Debug|Any CPU
		{922579AB-6F37-4566-BBDD-46D784E18595}.Debug|Any CPU.Build.0 = Debug|Any CPU
		{922579AB-6F37-4566-BBDD-46D784E18595}.Release|Any CPU.ActiveCfg = Release|Any CPU
		{922579AB-6F37-4566-BBDD-46D784E18595}.Release|Any CPU.Build.0 = Release|Any CPU
	EndGlobalSection
	GlobalSection(SolutionProperties) = preSolution
		HideSolutionNode = FALSE
	EndGlobalSection
	GlobalSection(ExtensibilityGlobals) = postSolution
		SolutionGuid = {BC789892-A402-48F5-896C-12FCC9C0E5BE}
	EndGlobalSection
EndGlobal
